// !$*UTF8*$!
{
	archiveVersion = 1;
	classes = {
	};
	objectVersion = 55;
	objects = {

/* Begin PBXBuildFile section */
		240B0880284F0B9900F8BA9C /* Server+CoreDataClass.swift in Sources */ = {isa = PBXBuildFile; fileRef = 240B087E284F0B9900F8BA9C /* Server+CoreDataClass.swift */; };
		240B0881284F0B9900F8BA9C /* Server+CoreDataProperties.swift in Sources */ = {isa = PBXBuildFile; fileRef = 240B087F284F0B9900F8BA9C /* Server+CoreDataProperties.swift */; };
		240B0883284F1A5B00F8BA9C /* DisplayGridType.swift in Sources */ = {isa = PBXBuildFile; fileRef = 240B0882284F1A5B00F8BA9C /* DisplayGridType.swift */; };
		241F7A2128507B9E0098C274 /* ServerStatusItemModel.swift in Sources */ = {isa = PBXBuildFile; fileRef = 241F7A2028507B9E0098C274 /* ServerStatusItemModel.swift */; };
		241F7A26285189220098C274 /* Core.swift in Sources */ = {isa = PBXBuildFile; fileRef = 241F7A25285189220098C274 /* Core.swift */; };
		241F7A282852528F0098C274 /* CGFloat+etx.swift in Sources */ = {isa = PBXBuildFile; fileRef = 241F7A272852528F0098C274 /* CGFloat+etx.swift */; };
		241F7A2B28526C3F0098C274 /* ServerSettingView.swift in Sources */ = {isa = PBXBuildFile; fileRef = 241F7A2A28526C3F0098C274 /* ServerSettingView.swift */; };
		241F7A2D285271E50098C274 /* ColoringScheme.swift in Sources */ = {isa = PBXBuildFile; fileRef = 241F7A2C285271E50098C274 /* ColoringScheme.swift */; };
		241F7A2F2854F0700098C274 /* CacheWrapper.swift in Sources */ = {isa = PBXBuildFile; fileRef = 241F7A2E2854F0700098C274 /* CacheWrapper.swift */; };
		241F7A342856EDD10098C274 /* SSHManager.swift in Sources */ = {isa = PBXBuildFile; fileRef = 241F7A332856EDD10098C274 /* SSHManager.swift */; };
		241F7A362857DB6E0098C274 /* ServerStatusDetailView.swift in Sources */ = {isa = PBXBuildFile; fileRef = 241F7A352857DB6E0098C274 /* ServerStatusDetailView.swift */; };
		241F7A38285EAFFA0098C274 /* ServerStatusDetailMetric.swift in Sources */ = {isa = PBXBuildFile; fileRef = 241F7A37285EAFFA0098C274 /* ServerStatusDetailMetric.swift */; };
		2481403A283C9365007E8381 /* Server_RackApp.swift in Sources */ = {isa = PBXBuildFile; fileRef = 24814039283C9365007E8381 /* Server_RackApp.swift */; };
		2481403E283C9367007E8381 /* Assets.xcassets in Resources */ = {isa = PBXBuildFile; fileRef = 2481403D283C9367007E8381 /* Assets.xcassets */; };
		24814041283C9367007E8381 /* Preview Assets.xcassets in Resources */ = {isa = PBXBuildFile; fileRef = 24814040283C9367007E8381 /* Preview Assets.xcassets */; };
		24814043283C9367007E8381 /* Persistence.swift in Sources */ = {isa = PBXBuildFile; fileRef = 24814042283C9367007E8381 /* Persistence.swift */; };
		24814046283C9367007E8381 /* Server_Rack.xcdatamodeld in Sources */ = {isa = PBXBuildFile; fileRef = 24814044283C9367007E8381 /* Server_Rack.xcdatamodeld */; };
		24814050283C9367007E8381 /* Server_RackTests.swift in Sources */ = {isa = PBXBuildFile; fileRef = 2481404F283C9367007E8381 /* Server_RackTests.swift */; };
		2481405A283C9367007E8381 /* Server_RackUITests.swift in Sources */ = {isa = PBXBuildFile; fileRef = 24814059283C9367007E8381 /* Server_RackUITests.swift */; };
		2481405C283C9367007E8381 /* Server_RackUITestsLaunchTests.swift in Sources */ = {isa = PBXBuildFile; fileRef = 2481405B283C9367007E8381 /* Server_RackUITestsLaunchTests.swift */; };
		2481406A283C93F8007E8381 /* Citadel in Frameworks */ = {isa = PBXBuildFile; productRef = 24814069283C93F8007E8381 /* Citadel */; };
		2481406E283C942B007E8381 /* StatusView.swift in Sources */ = {isa = PBXBuildFile; fileRef = 2481406D283C942B007E8381 /* StatusView.swift */; };
		24814074283C9F4F007E8381 /* SSHConnection.swift in Sources */ = {isa = PBXBuildFile; fileRef = 24814073283C9F4F007E8381 /* SSHConnection.swift */; };
		24814081283CA8E3007E8381 /* ServerStorage.swift in Sources */ = {isa = PBXBuildFile; fileRef = 24814080283CA8E3007E8381 /* ServerStorage.swift */; };
		24814085283D2AF7007E8381 /* MainTabView.swift in Sources */ = {isa = PBXBuildFile; fileRef = 24814084283D2AF7007E8381 /* MainTabView.swift */; };
		24814088283D3FC2007E8381 /* RNCryptor in Frameworks */ = {isa = PBXBuildFile; productRef = 24814087283D3FC2007E8381 /* RNCryptor */; };
		2481408B283D3FF8007E8381 /* KeychainAccess in Frameworks */ = {isa = PBXBuildFile; productRef = 2481408A283D3FF8007E8381 /* KeychainAccess */; };
		24814092283D4322007E8381 /* SecurityManager.swift in Sources */ = {isa = PBXBuildFile; fileRef = 24814091283D4322007E8381 /* SecurityManager.swift */; };
		24814098283D5C98007E8381 /* StatusItem.swift in Sources */ = {isa = PBXBuildFile; fileRef = 24814097283D5C98007E8381 /* StatusItem.swift */; };
		248C347E28486EA80042FB89 /* ServerIOStatusItem.swift in Sources */ = {isa = PBXBuildFile; fileRef = 248C347D28486EA80042FB89 /* ServerIOStatusItem.swift */; };
		248C3481284878610042FB89 /* ServerConfigListView.swift in Sources */ = {isa = PBXBuildFile; fileRef = 248C3480284878610042FB89 /* ServerConfigListView.swift */; };
		248C3483284878FD0042FB89 /* ServerConfigItem.swift in Sources */ = {isa = PBXBuildFile; fileRef = 248C3482284878FD0042FB89 /* ServerConfigItem.swift */; };
		248C34852848790E0042FB89 /* ServerConfigView.swift in Sources */ = {isa = PBXBuildFile; fileRef = 248C34842848790E0042FB89 /* ServerConfigView.swift */; };
		24D263F2284B9DDF00A1A9E7 /* ServerCache.swift in Sources */ = {isa = PBXBuildFile; fileRef = 24D263F1284B9DDF00A1A9E7 /* ServerCache.swift */; };
		24F46853283D6FF200C7D876 /* StatusItemModel.swift in Sources */ = {isa = PBXBuildFile; fileRef = 24F46852283D6FF200C7D876 /* StatusItemModel.swift */; };
		24F46856283D9A0400C7D876 /* String+etx.swift in Sources */ = {isa = PBXBuildFile; fileRef = 24F46855283D9A0400C7D876 /* String+etx.swift */; };
		24F46858283DB81000C7D876 /* TemperatureType.swift in Sources */ = {isa = PBXBuildFile; fileRef = 24F46857283DB81000C7D876 /* TemperatureType.swift */; };
		24F4685B283DC0DB00C7D876 /* StatusItemRing.swift in Sources */ = {isa = PBXBuildFile; fileRef = 24F4685A283DC0DB00C7D876 /* StatusItemRing.swift */; };
		24F4685E283DD2B200C7D876 /* RingShape.swift in Sources */ = {isa = PBXBuildFile; fileRef = 24F4685D283DD2B200C7D876 /* RingShape.swift */; };
		24F46860283DD2D700C7D876 /* StatusRing.swift in Sources */ = {isa = PBXBuildFile; fileRef = 24F4685F283DD2D700C7D876 /* StatusRing.swift */; };
		24F46862283DD69B00C7D876 /* StatusMultiRing.swift in Sources */ = {isa = PBXBuildFile; fileRef = 24F46861283DD69B00C7D876 /* StatusMultiRing.swift */; };
		24F46866283E926800C7D876 /* FlipView.swift in Sources */ = {isa = PBXBuildFile; fileRef = 24F46865283E926800C7D876 /* FlipView.swift */; };
		24F4686A283ECF0500C7D876 /* TempStatus.swift in Sources */ = {isa = PBXBuildFile; fileRef = 24F46869283ECF0500C7D876 /* TempStatus.swift */; };
		24F4686F283ED25100C7D876 /* ServerStatusView.swift in Sources */ = {isa = PBXBuildFile; fileRef = 24F4686E283ED25100C7D876 /* ServerStatusView.swift */; };
		24F46871283ED39F00C7D876 /* ServerStatusItem.swift in Sources */ = {isa = PBXBuildFile; fileRef = 24F46870283ED39F00C7D876 /* ServerStatusItem.swift */; };
		24F46873283EE07100C7D876 /* Commands.swift in Sources */ = {isa = PBXBuildFile; fileRef = 24F46872283EE07100C7D876 /* Commands.swift */; };
		24F46877283F0C5000C7D876 /* CPU.swift in Sources */ = {isa = PBXBuildFile; fileRef = 24F46876283F0C5000C7D876 /* CPU.swift */; };
		24F46879283F34E000C7D876 /* Memory.swift in Sources */ = {isa = PBXBuildFile; fileRef = 24F46878283F34E000C7D876 /* Memory.swift */; };
		24F4687B283F3E6000C7D876 /* Swap.swift in Sources */ = {isa = PBXBuildFile; fileRef = 24F4687A283F3E6000C7D876 /* Swap.swift */; };
		24F4687E2841440100C7D876 /* PulsatingView.swift in Sources */ = {isa = PBXBuildFile; fileRef = 24F4687D2841440100C7D876 /* PulsatingView.swift */; };
		24F4688028451BD900C7D876 /* Network.swift in Sources */ = {isa = PBXBuildFile; fileRef = 24F4687F28451BD900C7D876 /* Network.swift */; };
		24F468862845C90B00C7D876 /* Storage.swift in Sources */ = {isa = PBXBuildFile; fileRef = 24F468852845C90B00C7D876 /* Storage.swift */; };
/* End PBXBuildFile section */

/* Begin PBXContainerItemProxy section */
		2481404C283C9367007E8381 /* PBXContainerItemProxy */ = {
			isa = PBXContainerItemProxy;
			containerPortal = 2481402E283C9365007E8381 /* Project object */;
			proxyType = 1;
			remoteGlobalIDString = 24814035283C9365007E8381;
			remoteInfo = "Server Rack";
		};
		24814056283C9367007E8381 /* PBXContainerItemProxy */ = {
			isa = PBXContainerItemProxy;
			containerPortal = 2481402E283C9365007E8381 /* Project object */;
			proxyType = 1;
			remoteGlobalIDString = 24814035283C9365007E8381;
			remoteInfo = "Server Rack";
		};
/* End PBXContainerItemProxy section */

/* Begin PBXFileReference section */
		240B087E284F0B9900F8BA9C /* Server+CoreDataClass.swift */ = {isa = PBXFileReference; lastKnownFileType = sourcecode.swift; path = "Server+CoreDataClass.swift"; sourceTree = "<group>"; };
		240B087F284F0B9900F8BA9C /* Server+CoreDataProperties.swift */ = {isa = PBXFileReference; lastKnownFileType = sourcecode.swift; path = "Server+CoreDataProperties.swift"; sourceTree = "<group>"; };
		240B0882284F1A5B00F8BA9C /* DisplayGridType.swift */ = {isa = PBXFileReference; lastKnownFileType = sourcecode.swift; path = DisplayGridType.swift; sourceTree = "<group>"; };
		241F7A2028507B9E0098C274 /* ServerStatusItemModel.swift */ = {isa = PBXFileReference; lastKnownFileType = sourcecode.swift; path = ServerStatusItemModel.swift; sourceTree = "<group>"; };
		241F7A25285189220098C274 /* Core.swift */ = {isa = PBXFileReference; lastKnownFileType = sourcecode.swift; path = Core.swift; sourceTree = "<group>"; };
		241F7A272852528F0098C274 /* CGFloat+etx.swift */ = {isa = PBXFileReference; lastKnownFileType = sourcecode.swift; path = "CGFloat+etx.swift"; sourceTree = "<group>"; };
		241F7A2A28526C3F0098C274 /* ServerSettingView.swift */ = {isa = PBXFileReference; lastKnownFileType = sourcecode.swift; path = ServerSettingView.swift; sourceTree = "<group>"; };
		241F7A2C285271E50098C274 /* ColoringScheme.swift */ = {isa = PBXFileReference; lastKnownFileType = sourcecode.swift; path = ColoringScheme.swift; sourceTree = "<group>"; };
		241F7A2E2854F0700098C274 /* CacheWrapper.swift */ = {isa = PBXFileReference; lastKnownFileType = sourcecode.swift; path = CacheWrapper.swift; sourceTree = "<group>"; };
		241F7A332856EDD10098C274 /* SSHManager.swift */ = {isa = PBXFileReference; lastKnownFileType = sourcecode.swift; path = SSHManager.swift; sourceTree = "<group>"; };
		241F7A352857DB6E0098C274 /* ServerStatusDetailView.swift */ = {isa = PBXFileReference; lastKnownFileType = sourcecode.swift; path = ServerStatusDetailView.swift; sourceTree = "<group>"; };
		241F7A37285EAFFA0098C274 /* ServerStatusDetailMetric.swift */ = {isa = PBXFileReference; lastKnownFileType = sourcecode.swift; path = ServerStatusDetailMetric.swift; sourceTree = "<group>"; };
		24814036283C9365007E8381 /* Server Rack.app */ = {isa = PBXFileReference; explicitFileType = wrapper.application; includeInIndex = 0; path = "Server Rack.app"; sourceTree = BUILT_PRODUCTS_DIR; };
		24814039283C9365007E8381 /* Server_RackApp.swift */ = {isa = PBXFileReference; lastKnownFileType = sourcecode.swift; path = Server_RackApp.swift; sourceTree = "<group>"; };
		2481403D283C9367007E8381 /* Assets.xcassets */ = {isa = PBXFileReference; lastKnownFileType = folder.assetcatalog; path = Assets.xcassets; sourceTree = "<group>"; };
		24814040283C9367007E8381 /* Preview Assets.xcassets */ = {isa = PBXFileReference; lastKnownFileType = folder.assetcatalog; path = "Preview Assets.xcassets"; sourceTree = "<group>"; };
		24814042283C9367007E8381 /* Persistence.swift */ = {isa = PBXFileReference; lastKnownFileType = sourcecode.swift; path = Persistence.swift; sourceTree = "<group>"; };
		24814045283C9367007E8381 /* Server_Rack.xcdatamodel */ = {isa = PBXFileReference; lastKnownFileType = wrapper.xcdatamodel; path = Server_Rack.xcdatamodel; sourceTree = "<group>"; };
		2481404B283C9367007E8381 /* Server RackTests.xctest */ = {isa = PBXFileReference; explicitFileType = wrapper.cfbundle; includeInIndex = 0; path = "Server RackTests.xctest"; sourceTree = BUILT_PRODUCTS_DIR; };
		2481404F283C9367007E8381 /* Server_RackTests.swift */ = {isa = PBXFileReference; lastKnownFileType = sourcecode.swift; path = Server_RackTests.swift; sourceTree = "<group>"; };
		24814055283C9367007E8381 /* Server RackUITests.xctest */ = {isa = PBXFileReference; explicitFileType = wrapper.cfbundle; includeInIndex = 0; path = "Server RackUITests.xctest"; sourceTree = BUILT_PRODUCTS_DIR; };
		24814059283C9367007E8381 /* Server_RackUITests.swift */ = {isa = PBXFileReference; lastKnownFileType = sourcecode.swift; path = Server_RackUITests.swift; sourceTree = "<group>"; };
		2481405B283C9367007E8381 /* Server_RackUITestsLaunchTests.swift */ = {isa = PBXFileReference; lastKnownFileType = sourcecode.swift; path = Server_RackUITestsLaunchTests.swift; sourceTree = "<group>"; };
		2481406D283C942B007E8381 /* StatusView.swift */ = {isa = PBXFileReference; lastKnownFileType = sourcecode.swift; path = StatusView.swift; sourceTree = "<group>"; };
		2481406F283C9793007E8381 /* Server-Rack-Info.plist */ = {isa = PBXFileReference; lastKnownFileType = text.plist; path = "Server-Rack-Info.plist"; sourceTree = SOURCE_ROOT; };
		24814073283C9F4F007E8381 /* SSHConnection.swift */ = {isa = PBXFileReference; lastKnownFileType = sourcecode.swift; path = SSHConnection.swift; sourceTree = "<group>"; };
		24814080283CA8E3007E8381 /* ServerStorage.swift */ = {isa = PBXFileReference; lastKnownFileType = sourcecode.swift; path = ServerStorage.swift; sourceTree = "<group>"; };
		24814084283D2AF7007E8381 /* MainTabView.swift */ = {isa = PBXFileReference; lastKnownFileType = sourcecode.swift; path = MainTabView.swift; sourceTree = "<group>"; };
		24814091283D4322007E8381 /* SecurityManager.swift */ = {isa = PBXFileReference; lastKnownFileType = sourcecode.swift; path = SecurityManager.swift; sourceTree = "<group>"; };
		24814097283D5C98007E8381 /* StatusItem.swift */ = {isa = PBXFileReference; lastKnownFileType = sourcecode.swift; path = StatusItem.swift; sourceTree = "<group>"; };
		248C347D28486EA80042FB89 /* ServerIOStatusItem.swift */ = {isa = PBXFileReference; lastKnownFileType = sourcecode.swift; path = ServerIOStatusItem.swift; sourceTree = "<group>"; };
		248C3480284878610042FB89 /* ServerConfigListView.swift */ = {isa = PBXFileReference; lastKnownFileType = sourcecode.swift; path = ServerConfigListView.swift; sourceTree = "<group>"; };
		248C3482284878FD0042FB89 /* ServerConfigItem.swift */ = {isa = PBXFileReference; lastKnownFileType = sourcecode.swift; path = ServerConfigItem.swift; sourceTree = "<group>"; };
		248C34842848790E0042FB89 /* ServerConfigView.swift */ = {isa = PBXFileReference; lastKnownFileType = sourcecode.swift; path = ServerConfigView.swift; sourceTree = "<group>"; };
		24D263F1284B9DDF00A1A9E7 /* ServerCache.swift */ = {isa = PBXFileReference; lastKnownFileType = sourcecode.swift; path = ServerCache.swift; sourceTree = "<group>"; };
		24F46852283D6FF200C7D876 /* StatusItemModel.swift */ = {isa = PBXFileReference; lastKnownFileType = sourcecode.swift; path = StatusItemModel.swift; sourceTree = "<group>"; };
		24F46855283D9A0400C7D876 /* String+etx.swift */ = {isa = PBXFileReference; lastKnownFileType = sourcecode.swift; path = "String+etx.swift"; sourceTree = "<group>"; };
		24F46857283DB81000C7D876 /* TemperatureType.swift */ = {isa = PBXFileReference; lastKnownFileType = sourcecode.swift; path = TemperatureType.swift; sourceTree = "<group>"; };
		24F4685A283DC0DB00C7D876 /* StatusItemRing.swift */ = {isa = PBXFileReference; lastKnownFileType = sourcecode.swift; path = StatusItemRing.swift; sourceTree = "<group>"; };
		24F4685D283DD2B200C7D876 /* RingShape.swift */ = {isa = PBXFileReference; lastKnownFileType = sourcecode.swift; path = RingShape.swift; sourceTree = "<group>"; };
		24F4685F283DD2D700C7D876 /* StatusRing.swift */ = {isa = PBXFileReference; lastKnownFileType = sourcecode.swift; path = StatusRing.swift; sourceTree = "<group>"; };
		24F46861283DD69B00C7D876 /* StatusMultiRing.swift */ = {isa = PBXFileReference; lastKnownFileType = sourcecode.swift; path = StatusMultiRing.swift; sourceTree = "<group>"; };
		24F46865283E926800C7D876 /* FlipView.swift */ = {isa = PBXFileReference; lastKnownFileType = sourcecode.swift; path = FlipView.swift; sourceTree = "<group>"; };
		24F46869283ECF0500C7D876 /* TempStatus.swift */ = {isa = PBXFileReference; lastKnownFileType = sourcecode.swift; path = TempStatus.swift; sourceTree = "<group>"; };
		24F4686E283ED25100C7D876 /* ServerStatusView.swift */ = {isa = PBXFileReference; lastKnownFileType = sourcecode.swift; path = ServerStatusView.swift; sourceTree = "<group>"; };
		24F46870283ED39F00C7D876 /* ServerStatusItem.swift */ = {isa = PBXFileReference; lastKnownFileType = sourcecode.swift; path = ServerStatusItem.swift; sourceTree = "<group>"; };
		24F46872283EE07100C7D876 /* Commands.swift */ = {isa = PBXFileReference; lastKnownFileType = sourcecode.swift; path = Commands.swift; sourceTree = "<group>"; };
		24F46876283F0C5000C7D876 /* CPU.swift */ = {isa = PBXFileReference; lastKnownFileType = sourcecode.swift; path = CPU.swift; sourceTree = "<group>"; };
		24F46878283F34E000C7D876 /* Memory.swift */ = {isa = PBXFileReference; lastKnownFileType = sourcecode.swift; path = Memory.swift; sourceTree = "<group>"; };
		24F4687A283F3E6000C7D876 /* Swap.swift */ = {isa = PBXFileReference; lastKnownFileType = sourcecode.swift; path = Swap.swift; sourceTree = "<group>"; };
		24F4687D2841440100C7D876 /* PulsatingView.swift */ = {isa = PBXFileReference; lastKnownFileType = sourcecode.swift; path = PulsatingView.swift; sourceTree = "<group>"; };
		24F4687F28451BD900C7D876 /* Network.swift */ = {isa = PBXFileReference; lastKnownFileType = sourcecode.swift; path = Network.swift; sourceTree = "<group>"; };
		24F468852845C90B00C7D876 /* Storage.swift */ = {isa = PBXFileReference; lastKnownFileType = sourcecode.swift; path = Storage.swift; sourceTree = "<group>"; };
/* End PBXFileReference section */

/* Begin PBXFrameworksBuildPhase section */
		24814033283C9365007E8381 /* Frameworks */ = {
			isa = PBXFrameworksBuildPhase;
			buildActionMask = 2147483647;
			files = (
				24814088283D3FC2007E8381 /* RNCryptor in Frameworks */,
				2481406A283C93F8007E8381 /* Citadel in Frameworks */,
				2481408B283D3FF8007E8381 /* KeychainAccess in Frameworks */,
			);
			runOnlyForDeploymentPostprocessing = 0;
		};
		24814048283C9367007E8381 /* Frameworks */ = {
			isa = PBXFrameworksBuildPhase;
			buildActionMask = 2147483647;
			files = (
			);
			runOnlyForDeploymentPostprocessing = 0;
		};
		24814052283C9367007E8381 /* Frameworks */ = {
			isa = PBXFrameworksBuildPhase;
			buildActionMask = 2147483647;
			files = (
			);
			runOnlyForDeploymentPostprocessing = 0;
		};
/* End PBXFrameworksBuildPhase section */

/* Begin PBXGroup section */
		241F7A22285107C60098C274 /* ServerDetailStatus */ = {
			isa = PBXGroup;
			children = (
				241F7A352857DB6E0098C274 /* ServerStatusDetailView.swift */,
				241F7A37285EAFFA0098C274 /* ServerStatusDetailMetric.swift */,
			);
			path = ServerDetailStatus;
			sourceTree = "<group>";
		};
		241F7A2928526C290098C274 /* ServerSetting */ = {
			isa = PBXGroup;
			children = (
				241F7A2A28526C3F0098C274 /* ServerSettingView.swift */,
			);
			path = ServerSetting;
			sourceTree = "<group>";
		};
		2481402D283C9365007E8381 = {
			isa = PBXGroup;
			children = (
				24814038283C9365007E8381 /* Server Rack */,
				2481404E283C9367007E8381 /* Server RackTests */,
				24814058283C9367007E8381 /* Server RackUITests */,
				24814037283C9365007E8381 /* Products */,
			);
			sourceTree = "<group>";
		};
		24814037283C9365007E8381 /* Products */ = {
			isa = PBXGroup;
			children = (
				24814036283C9365007E8381 /* Server Rack.app */,
				2481404B283C9367007E8381 /* Server RackTests.xctest */,
				24814055283C9367007E8381 /* Server RackUITests.xctest */,
			);
			name = Products;
			sourceTree = "<group>";
		};
		24814038283C9365007E8381 /* Server Rack */ = {
			isa = PBXGroup;
			children = (
				24D263F0284B9DCA00A1A9E7 /* Cache */,
				24F46859283DB82900C7D876 /* SSH */,
				2481408F283D42DB007E8381 /* Security */,
				2481407F283CA8BF007E8381 /* Storage */,
				24814075283CA042007E8381 /* Entity */,
				24814071283C9D26007E8381 /* Model */,
				24814070283C9CE9007E8381 /* View */,
				24814072283C9D7D007E8381 /* ViewModel */,
				24F46854283D99F600C7D876 /* Extension */,
				2481403D283C9367007E8381 /* Assets.xcassets */,
				24814039283C9365007E8381 /* Server_RackApp.swift */,
				24814042283C9367007E8381 /* Persistence.swift */,
				24814044283C9367007E8381 /* Server_Rack.xcdatamodeld */,
				2481406F283C9793007E8381 /* Server-Rack-Info.plist */,
				2481403F283C9367007E8381 /* Preview Content */,
			);
			path = "Server Rack";
			sourceTree = "<group>";
		};
		2481403F283C9367007E8381 /* Preview Content */ = {
			isa = PBXGroup;
			children = (
				24814040283C9367007E8381 /* Preview Assets.xcassets */,
			);
			path = "Preview Content";
			sourceTree = "<group>";
		};
		2481404E283C9367007E8381 /* Server RackTests */ = {
			isa = PBXGroup;
			children = (
				2481404F283C9367007E8381 /* Server_RackTests.swift */,
			);
			path = "Server RackTests";
			sourceTree = "<group>";
		};
		24814058283C9367007E8381 /* Server RackUITests */ = {
			isa = PBXGroup;
			children = (
				24814059283C9367007E8381 /* Server_RackUITests.swift */,
				2481405B283C9367007E8381 /* Server_RackUITestsLaunchTests.swift */,
			);
			path = "Server RackUITests";
			sourceTree = "<group>";
		};
		24814070283C9CE9007E8381 /* View */ = {
			isa = PBXGroup;
			children = (
				24814084283D2AF7007E8381 /* MainTabView.swift */,
				24F4686D283ED24200C7D876 /* ServerStatus */,
				241F7A22285107C60098C274 /* ServerDetailStatus */,
				248C347F284878330042FB89 /* ServerConfig */,
				241F7A2928526C290098C274 /* ServerSetting */,
				24814096283D53E4007E8381 /* Status */,
				24F4685C283DD2AA00C7D876 /* Misc */,
			);
			path = View;
			sourceTree = "<group>";
		};
		24814071283C9D26007E8381 /* Model */ = {
			isa = PBXGroup;
			children = (
				24F46876283F0C5000C7D876 /* CPU.swift */,
				241F7A25285189220098C274 /* Core.swift */,
				24F4687A283F3E6000C7D876 /* Swap.swift */,
				24F46878283F34E000C7D876 /* Memory.swift */,
				24F4687F28451BD900C7D876 /* Network.swift */,
				24F468852845C90B00C7D876 /* Storage.swift */,
				24F46857283DB81000C7D876 /* TemperatureType.swift */,
				240B0882284F1A5B00F8BA9C /* DisplayGridType.swift */,
				24F46872283EE07100C7D876 /* Commands.swift */,
				241F7A2C285271E50098C274 /* ColoringScheme.swift */,
			);
			path = Model;
			sourceTree = "<group>";
		};
		24814072283C9D7D007E8381 /* ViewModel */ = {
			isa = PBXGroup;
			children = (
				24F46852283D6FF200C7D876 /* StatusItemModel.swift */,
			);
			path = ViewModel;
			sourceTree = "<group>";
		};
		24814075283CA042007E8381 /* Entity */ = {
			isa = PBXGroup;
			children = (
				24814078283CA249007E8381 /* Server */,
			);
			path = Entity;
			sourceTree = "<group>";
		};
		24814078283CA249007E8381 /* Server */ = {
			isa = PBXGroup;
			children = (
				240B087E284F0B9900F8BA9C /* Server+CoreDataClass.swift */,
				240B087F284F0B9900F8BA9C /* Server+CoreDataProperties.swift */,
			);
			path = Server;
			sourceTree = "<group>";
		};
		2481407F283CA8BF007E8381 /* Storage */ = {
			isa = PBXGroup;
			children = (
				24814080283CA8E3007E8381 /* ServerStorage.swift */,
			);
			path = Storage;
			sourceTree = "<group>";
		};
		2481408F283D42DB007E8381 /* Security */ = {
			isa = PBXGroup;
			children = (
				24814091283D4322007E8381 /* SecurityManager.swift */,
			);
			path = Security;
			sourceTree = "<group>";
		};
		24814096283D53E4007E8381 /* Status */ = {
			isa = PBXGroup;
			children = (
				2481406D283C942B007E8381 /* StatusView.swift */,
				24814097283D5C98007E8381 /* StatusItem.swift */,
				24F4685A283DC0DB00C7D876 /* StatusItemRing.swift */,
				24F46869283ECF0500C7D876 /* TempStatus.swift */,
			);
			path = Status;
			sourceTree = "<group>";
		};
		248C347F284878330042FB89 /* ServerConfig */ = {
			isa = PBXGroup;
			children = (
				248C3480284878610042FB89 /* ServerConfigListView.swift */,
				248C3482284878FD0042FB89 /* ServerConfigItem.swift */,
				248C34842848790E0042FB89 /* ServerConfigView.swift */,
			);
			path = ServerConfig;
			sourceTree = "<group>";
		};
		24D263F0284B9DCA00A1A9E7 /* Cache */ = {
			isa = PBXGroup;
			children = (
				24D263F1284B9DDF00A1A9E7 /* ServerCache.swift */,
				241F7A2E2854F0700098C274 /* CacheWrapper.swift */,
			);
			path = Cache;
			sourceTree = "<group>";
		};
		24F46854283D99F600C7D876 /* Extension */ = {
			isa = PBXGroup;
			children = (
				24F46855283D9A0400C7D876 /* String+etx.swift */,
				241F7A272852528F0098C274 /* CGFloat+etx.swift */,
			);
			path = Extension;
			sourceTree = "<group>";
		};
		24F46859283DB82900C7D876 /* SSH */ = {
			isa = PBXGroup;
			children = (
				24814073283C9F4F007E8381 /* SSHConnection.swift */,
				241F7A332856EDD10098C274 /* SSHManager.swift */,
			);
			path = SSH;
			sourceTree = "<group>";
		};
		24F4685C283DD2AA00C7D876 /* Misc */ = {
			isa = PBXGroup;
			children = (
				24F4685D283DD2B200C7D876 /* RingShape.swift */,
				24F4685F283DD2D700C7D876 /* StatusRing.swift */,
				24F46861283DD69B00C7D876 /* StatusMultiRing.swift */,
				24F46865283E926800C7D876 /* FlipView.swift */,
				24F4687D2841440100C7D876 /* PulsatingView.swift */,
			);
			path = Misc;
			sourceTree = "<group>";
		};
		24F4686D283ED24200C7D876 /* ServerStatus */ = {
			isa = PBXGroup;
			children = (
				24F4686E283ED25100C7D876 /* ServerStatusView.swift */,
				24F46870283ED39F00C7D876 /* ServerStatusItem.swift */,
				241F7A2028507B9E0098C274 /* ServerStatusItemModel.swift */,
				248C347D28486EA80042FB89 /* ServerIOStatusItem.swift */,
			);
			path = ServerStatus;
			sourceTree = "<group>";
		};
/* End PBXGroup section */

/* Begin PBXNativeTarget section */
		24814035283C9365007E8381 /* Server Rack */ = {
			isa = PBXNativeTarget;
			buildConfigurationList = 2481405F283C9367007E8381 /* Build configuration list for PBXNativeTarget "Server Rack" */;
			buildPhases = (
				24814032283C9365007E8381 /* Sources */,
				24814033283C9365007E8381 /* Frameworks */,
				24814034283C9365007E8381 /* Resources */,
			);
			buildRules = (
			);
			dependencies = (
			);
			name = "Server Rack";
			packageProductDependencies = (
				24814069283C93F8007E8381 /* Citadel */,
				24814087283D3FC2007E8381 /* RNCryptor */,
				2481408A283D3FF8007E8381 /* KeychainAccess */,
			);
			productName = "Server Rack";
			productReference = 24814036283C9365007E8381 /* Server Rack.app */;
			productType = "com.apple.product-type.application";
		};
		2481404A283C9367007E8381 /* Server RackTests */ = {
			isa = PBXNativeTarget;
			buildConfigurationList = 24814062283C9367007E8381 /* Build configuration list for PBXNativeTarget "Server RackTests" */;
			buildPhases = (
				24814047283C9367007E8381 /* Sources */,
				24814048283C9367007E8381 /* Frameworks */,
				24814049283C9367007E8381 /* Resources */,
			);
			buildRules = (
			);
			dependencies = (
				2481404D283C9367007E8381 /* PBXTargetDependency */,
			);
			name = "Server RackTests";
			productName = "Server RackTests";
			productReference = 2481404B283C9367007E8381 /* Server RackTests.xctest */;
			productType = "com.apple.product-type.bundle.unit-test";
		};
		24814054283C9367007E8381 /* Server RackUITests */ = {
			isa = PBXNativeTarget;
			buildConfigurationList = 24814065283C9367007E8381 /* Build configuration list for PBXNativeTarget "Server RackUITests" */;
			buildPhases = (
				24814051283C9367007E8381 /* Sources */,
				24814052283C9367007E8381 /* Frameworks */,
				24814053283C9367007E8381 /* Resources */,
			);
			buildRules = (
			);
			dependencies = (
				24814057283C9367007E8381 /* PBXTargetDependency */,
			);
			name = "Server RackUITests";
			productName = "Server RackUITests";
			productReference = 24814055283C9367007E8381 /* Server RackUITests.xctest */;
			productType = "com.apple.product-type.bundle.ui-testing";
		};
/* End PBXNativeTarget section */

/* Begin PBXProject section */
		2481402E283C9365007E8381 /* Project object */ = {
			isa = PBXProject;
			attributes = {
				BuildIndependentTargetsInParallel = 1;
				LastSwiftUpdateCheck = 1340;
				LastUpgradeCheck = 1340;
				TargetAttributes = {
					24814035283C9365007E8381 = {
						CreatedOnToolsVersion = 13.4;
					};
					2481404A283C9367007E8381 = {
						CreatedOnToolsVersion = 13.4;
						TestTargetID = 24814035283C9365007E8381;
					};
					24814054283C9367007E8381 = {
						CreatedOnToolsVersion = 13.4;
						TestTargetID = 24814035283C9365007E8381;
					};
				};
			};
			buildConfigurationList = 24814031283C9365007E8381 /* Build configuration list for PBXProject "Server Rack" */;
			compatibilityVersion = "Xcode 13.0";
			developmentRegion = en;
			hasScannedForEncodings = 0;
			knownRegions = (
				en,
				Base,
			);
			mainGroup = 2481402D283C9365007E8381;
			packageReferences = (
				24814068283C93F8007E8381 /* XCRemoteSwiftPackageReference "Citadel" */,
				24814086283D3FC2007E8381 /* XCRemoteSwiftPackageReference "RNCryptor" */,
				24814089283D3FF7007E8381 /* XCRemoteSwiftPackageReference "KeychainAccess" */,
			);
			productRefGroup = 24814037283C9365007E8381 /* Products */;
			projectDirPath = "";
			projectRoot = "";
			targets = (
				24814035283C9365007E8381 /* Server Rack */,
				2481404A283C9367007E8381 /* Server RackTests */,
				24814054283C9367007E8381 /* Server RackUITests */,
			);
		};
/* End PBXProject section */

/* Begin PBXResourcesBuildPhase section */
		24814034283C9365007E8381 /* Resources */ = {
			isa = PBXResourcesBuildPhase;
			buildActionMask = 2147483647;
			files = (
				24814041283C9367007E8381 /* Preview Assets.xcassets in Resources */,
				2481403E283C9367007E8381 /* Assets.xcassets in Resources */,
			);
			runOnlyForDeploymentPostprocessing = 0;
		};
		24814049283C9367007E8381 /* Resources */ = {
			isa = PBXResourcesBuildPhase;
			buildActionMask = 2147483647;
			files = (
			);
			runOnlyForDeploymentPostprocessing = 0;
		};
		24814053283C9367007E8381 /* Resources */ = {
			isa = PBXResourcesBuildPhase;
			buildActionMask = 2147483647;
			files = (
			);
			runOnlyForDeploymentPostprocessing = 0;
		};
/* End PBXResourcesBuildPhase section */

/* Begin PBXSourcesBuildPhase section */
		24814032283C9365007E8381 /* Sources */ = {
			isa = PBXSourcesBuildPhase;
			buildActionMask = 2147483647;
			files = (
				240B0880284F0B9900F8BA9C /* Server+CoreDataClass.swift in Sources */,
				24F46860283DD2D700C7D876 /* StatusRing.swift in Sources */,
				241F7A2B28526C3F0098C274 /* ServerSettingView.swift in Sources */,
				241F7A342856EDD10098C274 /* SSHManager.swift in Sources */,
				241F7A282852528F0098C274 /* CGFloat+etx.swift in Sources */,
				24F46877283F0C5000C7D876 /* CPU.swift in Sources */,
				24F46866283E926800C7D876 /* FlipView.swift in Sources */,
				24F46858283DB81000C7D876 /* TemperatureType.swift in Sources */,
				241F7A2128507B9E0098C274 /* ServerStatusItemModel.swift in Sources */,
				24F4687E2841440100C7D876 /* PulsatingView.swift in Sources */,
				24F4688028451BD900C7D876 /* Network.swift in Sources */,
				24F46853283D6FF200C7D876 /* StatusItemModel.swift in Sources */,
				24F4686F283ED25100C7D876 /* ServerStatusView.swift in Sources */,
				24F4686A283ECF0500C7D876 /* TempStatus.swift in Sources */,
				241F7A26285189220098C274 /* Core.swift in Sources */,
				241F7A2F2854F0700098C274 /* CacheWrapper.swift in Sources */,
				24814043283C9367007E8381 /* Persistence.swift in Sources */,
				24814081283CA8E3007E8381 /* ServerStorage.swift in Sources */,
				241F7A362857DB6E0098C274 /* ServerStatusDetailView.swift in Sources */,
				248C3483284878FD0042FB89 /* ServerConfigItem.swift in Sources */,
				24F46873283EE07100C7D876 /* Commands.swift in Sources */,
				24814098283D5C98007E8381 /* StatusItem.swift in Sources */,
				241F7A2D285271E50098C274 /* ColoringScheme.swift in Sources */,
				241F7A38285EAFFA0098C274 /* ServerStatusDetailMetric.swift in Sources */,
				24F4685E283DD2B200C7D876 /* RingShape.swift in Sources */,
				24814085283D2AF7007E8381 /* MainTabView.swift in Sources */,
				2481403A283C9365007E8381 /* Server_RackApp.swift in Sources */,
				248C347E28486EA80042FB89 /* ServerIOStatusItem.swift in Sources */,
				248C34852848790E0042FB89 /* ServerConfigView.swift in Sources */,
				24814046283C9367007E8381 /* Server_Rack.xcdatamodeld in Sources */,
				24F46862283DD69B00C7D876 /* StatusMultiRing.swift in Sources */,
				240B0883284F1A5B00F8BA9C /* DisplayGridType.swift in Sources */,
				24F46871283ED39F00C7D876 /* ServerStatusItem.swift in Sources */,
				24F468862845C90B00C7D876 /* Storage.swift in Sources */,
				24F4685B283DC0DB00C7D876 /* StatusItemRing.swift in Sources */,
				24D263F2284B9DDF00A1A9E7 /* ServerCache.swift in Sources */,
				248C3481284878610042FB89 /* ServerConfigListView.swift in Sources */,
				24F4687B283F3E6000C7D876 /* Swap.swift in Sources */,
				2481406E283C942B007E8381 /* StatusView.swift in Sources */,
				24F46879283F34E000C7D876 /* Memory.swift in Sources */,
				240B0881284F0B9900F8BA9C /* Server+CoreDataProperties.swift in Sources */,
				24814074283C9F4F007E8381 /* SSHConnection.swift in Sources */,
				24F46856283D9A0400C7D876 /* String+etx.swift in Sources */,
				24814092283D4322007E8381 /* SecurityManager.swift in Sources */,
			);
			runOnlyForDeploymentPostprocessing = 0;
		};
		24814047283C9367007E8381 /* Sources */ = {
			isa = PBXSourcesBuildPhase;
			buildActionMask = 2147483647;
			files = (
				24814050283C9367007E8381 /* Server_RackTests.swift in Sources */,
			);
			runOnlyForDeploymentPostprocessing = 0;
		};
		24814051283C9367007E8381 /* Sources */ = {
			isa = PBXSourcesBuildPhase;
			buildActionMask = 2147483647;
			files = (
				2481405C283C9367007E8381 /* Server_RackUITestsLaunchTests.swift in Sources */,
				2481405A283C9367007E8381 /* Server_RackUITests.swift in Sources */,
			);
			runOnlyForDeploymentPostprocessing = 0;
		};
/* End PBXSourcesBuildPhase section */

/* Begin PBXTargetDependency section */
		2481404D283C9367007E8381 /* PBXTargetDependency */ = {
			isa = PBXTargetDependency;
			target = 24814035283C9365007E8381 /* Server Rack */;
			targetProxy = 2481404C283C9367007E8381 /* PBXContainerItemProxy */;
		};
		24814057283C9367007E8381 /* PBXTargetDependency */ = {
			isa = PBXTargetDependency;
			target = 24814035283C9365007E8381 /* Server Rack */;
			targetProxy = 24814056283C9367007E8381 /* PBXContainerItemProxy */;
		};
/* End PBXTargetDependency section */

/* Begin XCBuildConfiguration section */
		2481405D283C9367007E8381 /* Debug */ = {
			isa = XCBuildConfiguration;
			buildSettings = {
				ALWAYS_SEARCH_USER_PATHS = NO;
				CLANG_ANALYZER_NONNULL = YES;
				CLANG_ANALYZER_NUMBER_OBJECT_CONVERSION = YES_AGGRESSIVE;
				CLANG_CXX_LANGUAGE_STANDARD = "gnu++17";
				CLANG_ENABLE_MODULES = YES;
				CLANG_ENABLE_OBJC_ARC = YES;
				CLANG_ENABLE_OBJC_WEAK = YES;
				CLANG_WARN_BLOCK_CAPTURE_AUTORELEASING = YES;
				CLANG_WARN_BOOL_CONVERSION = YES;
				CLANG_WARN_COMMA = YES;
				CLANG_WARN_CONSTANT_CONVERSION = YES;
				CLANG_WARN_DEPRECATED_OBJC_IMPLEMENTATIONS = YES;
				CLANG_WARN_DIRECT_OBJC_ISA_USAGE = YES_ERROR;
				CLANG_WARN_DOCUMENTATION_COMMENTS = YES;
				CLANG_WARN_EMPTY_BODY = YES;
				CLANG_WARN_ENUM_CONVERSION = YES;
				CLANG_WARN_INFINITE_RECURSION = YES;
				CLANG_WARN_INT_CONVERSION = YES;
				CLANG_WARN_NON_LITERAL_NULL_CONVERSION = YES;
				CLANG_WARN_OBJC_IMPLICIT_RETAIN_SELF = YES;
				CLANG_WARN_OBJC_LITERAL_CONVERSION = YES;
				CLANG_WARN_OBJC_ROOT_CLASS = YES_ERROR;
				CLANG_WARN_QUOTED_INCLUDE_IN_FRAMEWORK_HEADER = YES;
				CLANG_WARN_RANGE_LOOP_ANALYSIS = YES;
				CLANG_WARN_STRICT_PROTOTYPES = YES;
				CLANG_WARN_SUSPICIOUS_MOVE = YES;
				CLANG_WARN_UNGUARDED_AVAILABILITY = YES_AGGRESSIVE;
				CLANG_WARN_UNREACHABLE_CODE = YES;
				CLANG_WARN__DUPLICATE_METHOD_MATCH = YES;
				COPY_PHASE_STRIP = NO;
				DEBUG_INFORMATION_FORMAT = dwarf;
				ENABLE_STRICT_OBJC_MSGSEND = YES;
				ENABLE_TESTABILITY = YES;
				GCC_C_LANGUAGE_STANDARD = gnu11;
				GCC_DYNAMIC_NO_PIC = NO;
				GCC_NO_COMMON_BLOCKS = YES;
				GCC_OPTIMIZATION_LEVEL = 0;
				GCC_PREPROCESSOR_DEFINITIONS = (
					"DEBUG=1",
					"$(inherited)",
				);
				GCC_WARN_64_TO_32_BIT_CONVERSION = YES;
				GCC_WARN_ABOUT_RETURN_TYPE = YES_ERROR;
				GCC_WARN_UNDECLARED_SELECTOR = YES;
				GCC_WARN_UNINITIALIZED_AUTOS = YES_AGGRESSIVE;
				GCC_WARN_UNUSED_FUNCTION = YES;
				GCC_WARN_UNUSED_VARIABLE = YES;
				IPHONEOS_DEPLOYMENT_TARGET = 15.5;
				MTL_ENABLE_DEBUG_INFO = INCLUDE_SOURCE;
				MTL_FAST_MATH = YES;
				ONLY_ACTIVE_ARCH = YES;
				SDKROOT = iphoneos;
				SWIFT_ACTIVE_COMPILATION_CONDITIONS = DEBUG;
				SWIFT_OPTIMIZATION_LEVEL = "-Onone";
			};
			name = Debug;
		};
		2481405E283C9367007E8381 /* Release */ = {
			isa = XCBuildConfiguration;
			buildSettings = {
				ALWAYS_SEARCH_USER_PATHS = NO;
				CLANG_ANALYZER_NONNULL = YES;
				CLANG_ANALYZER_NUMBER_OBJECT_CONVERSION = YES_AGGRESSIVE;
				CLANG_CXX_LANGUAGE_STANDARD = "gnu++17";
				CLANG_ENABLE_MODULES = YES;
				CLANG_ENABLE_OBJC_ARC = YES;
				CLANG_ENABLE_OBJC_WEAK = YES;
				CLANG_WARN_BLOCK_CAPTURE_AUTORELEASING = YES;
				CLANG_WARN_BOOL_CONVERSION = YES;
				CLANG_WARN_COMMA = YES;
				CLANG_WARN_CONSTANT_CONVERSION = YES;
				CLANG_WARN_DEPRECATED_OBJC_IMPLEMENTATIONS = YES;
				CLANG_WARN_DIRECT_OBJC_ISA_USAGE = YES_ERROR;
				CLANG_WARN_DOCUMENTATION_COMMENTS = YES;
				CLANG_WARN_EMPTY_BODY = YES;
				CLANG_WARN_ENUM_CONVERSION = YES;
				CLANG_WARN_INFINITE_RECURSION = YES;
				CLANG_WARN_INT_CONVERSION = YES;
				CLANG_WARN_NON_LITERAL_NULL_CONVERSION = YES;
				CLANG_WARN_OBJC_IMPLICIT_RETAIN_SELF = YES;
				CLANG_WARN_OBJC_LITERAL_CONVERSION = YES;
				CLANG_WARN_OBJC_ROOT_CLASS = YES_ERROR;
				CLANG_WARN_QUOTED_INCLUDE_IN_FRAMEWORK_HEADER = YES;
				CLANG_WARN_RANGE_LOOP_ANALYSIS = YES;
				CLANG_WARN_STRICT_PROTOTYPES = YES;
				CLANG_WARN_SUSPICIOUS_MOVE = YES;
				CLANG_WARN_UNGUARDED_AVAILABILITY = YES_AGGRESSIVE;
				CLANG_WARN_UNREACHABLE_CODE = YES;
				CLANG_WARN__DUPLICATE_METHOD_MATCH = YES;
				COPY_PHASE_STRIP = NO;
				DEBUG_INFORMATION_FORMAT = "dwarf-with-dsym";
				ENABLE_NS_ASSERTIONS = NO;
				ENABLE_STRICT_OBJC_MSGSEND = YES;
				GCC_C_LANGUAGE_STANDARD = gnu11;
				GCC_NO_COMMON_BLOCKS = YES;
				GCC_WARN_64_TO_32_BIT_CONVERSION = YES;
				GCC_WARN_ABOUT_RETURN_TYPE = YES_ERROR;
				GCC_WARN_UNDECLARED_SELECTOR = YES;
				GCC_WARN_UNINITIALIZED_AUTOS = YES_AGGRESSIVE;
				GCC_WARN_UNUSED_FUNCTION = YES;
				GCC_WARN_UNUSED_VARIABLE = YES;
				IPHONEOS_DEPLOYMENT_TARGET = 15.5;
				MTL_ENABLE_DEBUG_INFO = NO;
				MTL_FAST_MATH = YES;
				SDKROOT = iphoneos;
				SWIFT_COMPILATION_MODE = wholemodule;
				SWIFT_OPTIMIZATION_LEVEL = "-O";
				VALIDATE_PRODUCT = YES;
			};
			name = Release;
		};
		24814060283C9367007E8381 /* Debug */ = {
			isa = XCBuildConfiguration;
			buildSettings = {
				ASSETCATALOG_COMPILER_APPICON_NAME = AppIcon;
				ASSETCATALOG_COMPILER_GLOBAL_ACCENT_COLOR_NAME = AccentColor;
				CODE_SIGN_STYLE = Automatic;
				CURRENT_PROJECT_VERSION = 1;
				DEVELOPMENT_ASSET_PATHS = "\"Server Rack/Preview Content\"";
				DEVELOPMENT_TEAM = MBQ2JLQD83;
				ENABLE_PREVIEWS = YES;
				GENERATE_INFOPLIST_FILE = YES;
				INFOPLIST_FILE = "Server-Rack-Info.plist";
				INFOPLIST_KEY_UIApplicationSceneManifest_Generation = YES;
				INFOPLIST_KEY_UIApplicationSupportsIndirectInputEvents = YES;
				INFOPLIST_KEY_UILaunchScreen_Generation = YES;
				INFOPLIST_KEY_UISupportedInterfaceOrientations_iPad = "UIInterfaceOrientationPortrait UIInterfaceOrientationPortraitUpsideDown UIInterfaceOrientationLandscapeLeft UIInterfaceOrientationLandscapeRight";
				INFOPLIST_KEY_UISupportedInterfaceOrientations_iPhone = "UIInterfaceOrientationPortrait UIInterfaceOrientationLandscapeLeft UIInterfaceOrientationLandscapeRight";
				LD_RUNPATH_SEARCH_PATHS = (
					"$(inherited)",
					"@executable_path/Frameworks",
				);
				MARKETING_VERSION = 1.0;
				PRODUCT_BUNDLE_IDENTIFIER = "com.jonathandlab.dev.Server-Rack";
				PRODUCT_NAME = "$(TARGET_NAME)";
				SWIFT_EMIT_LOC_STRINGS = YES;
				SWIFT_VERSION = 5.0;
				TARGETED_DEVICE_FAMILY = "1,2";
			};
			name = Debug;
		};
		24814061283C9367007E8381 /* Release */ = {
			isa = XCBuildConfiguration;
			buildSettings = {
				ASSETCATALOG_COMPILER_APPICON_NAME = AppIcon;
				ASSETCATALOG_COMPILER_GLOBAL_ACCENT_COLOR_NAME = AccentColor;
				CODE_SIGN_STYLE = Automatic;
				CURRENT_PROJECT_VERSION = 1;
				DEVELOPMENT_ASSET_PATHS = "\"Server Rack/Preview Content\"";
				DEVELOPMENT_TEAM = MBQ2JLQD83;
				ENABLE_PREVIEWS = YES;
				GENERATE_INFOPLIST_FILE = YES;
				INFOPLIST_FILE = "Server-Rack-Info.plist";
				INFOPLIST_KEY_UIApplicationSceneManifest_Generation = YES;
				INFOPLIST_KEY_UIApplicationSupportsIndirectInputEvents = YES;
				INFOPLIST_KEY_UILaunchScreen_Generation = YES;
				INFOPLIST_KEY_UISupportedInterfaceOrientations_iPad = "UIInterfaceOrientationPortrait UIInterfaceOrientationPortraitUpsideDown UIInterfaceOrientationLandscapeLeft UIInterfaceOrientationLandscapeRight";
				INFOPLIST_KEY_UISupportedInterfaceOrientations_iPhone = "UIInterfaceOrientationPortrait UIInterfaceOrientationLandscapeLeft UIInterfaceOrientationLandscapeRight";
				LD_RUNPATH_SEARCH_PATHS = (
					"$(inherited)",
					"@executable_path/Frameworks",
				);
				MARKETING_VERSION = 1.0;
				PRODUCT_BUNDLE_IDENTIFIER = "com.jonathandlab.dev.Server-Rack";
				PRODUCT_NAME = "$(TARGET_NAME)";
				SWIFT_EMIT_LOC_STRINGS = YES;
				SWIFT_VERSION = 5.0;
				TARGETED_DEVICE_FAMILY = "1,2";
			};
			name = Release;
		};
		24814063283C9367007E8381 /* Debug */ = {
			isa = XCBuildConfiguration;
			buildSettings = {
				ALWAYS_EMBED_SWIFT_STANDARD_LIBRARIES = YES;
				BUNDLE_LOADER = "$(TEST_HOST)";
				CODE_SIGN_STYLE = Automatic;
				CURRENT_PROJECT_VERSION = 1;
				DEVELOPMENT_TEAM = MBQ2JLQD83;
				GENERATE_INFOPLIST_FILE = YES;
				IPHONEOS_DEPLOYMENT_TARGET = 15.5;
				MARKETING_VERSION = 1.0;
				PRODUCT_BUNDLE_IDENTIFIER = "com.jonathandlab.dev.Server-RackTests";
				PRODUCT_NAME = "$(TARGET_NAME)";
				SWIFT_EMIT_LOC_STRINGS = NO;
				SWIFT_VERSION = 5.0;
				TARGETED_DEVICE_FAMILY = "1,2";
				TEST_HOST = "$(BUILT_PRODUCTS_DIR)/Server Rack.app/Server Rack";
			};
			name = Debug;
		};
		24814064283C9367007E8381 /* Release */ = {
			isa = XCBuildConfiguration;
			buildSettings = {
				ALWAYS_EMBED_SWIFT_STANDARD_LIBRARIES = YES;
				BUNDLE_LOADER = "$(TEST_HOST)";
				CODE_SIGN_STYLE = Automatic;
				CURRENT_PROJECT_VERSION = 1;
				DEVELOPMENT_TEAM = MBQ2JLQD83;
				GENERATE_INFOPLIST_FILE = YES;
				IPHONEOS_DEPLOYMENT_TARGET = 15.5;
				MARKETING_VERSION = 1.0;
				PRODUCT_BUNDLE_IDENTIFIER = "com.jonathandlab.dev.Server-RackTests";
				PRODUCT_NAME = "$(TARGET_NAME)";
				SWIFT_EMIT_LOC_STRINGS = NO;
				SWIFT_VERSION = 5.0;
				TARGETED_DEVICE_FAMILY = "1,2";
				TEST_HOST = "$(BUILT_PRODUCTS_DIR)/Server Rack.app/Server Rack";
			};
			name = Release;
		};
		24814066283C9367007E8381 /* Debug */ = {
			isa = XCBuildConfiguration;
			buildSettings = {
				ALWAYS_EMBED_SWIFT_STANDARD_LIBRARIES = YES;
				CODE_SIGN_STYLE = Automatic;
				CURRENT_PROJECT_VERSION = 1;
				DEVELOPMENT_TEAM = MBQ2JLQD83;
				GENERATE_INFOPLIST_FILE = YES;
				MARKETING_VERSION = 1.0;
				PRODUCT_BUNDLE_IDENTIFIER = "com.jonathandlab.dev.Server-RackUITests";
				PRODUCT_NAME = "$(TARGET_NAME)";
				SWIFT_EMIT_LOC_STRINGS = NO;
				SWIFT_VERSION = 5.0;
				TARGETED_DEVICE_FAMILY = "1,2";
				TEST_TARGET_NAME = "Server Rack";
			};
			name = Debug;
		};
		24814067283C9367007E8381 /* Release */ = {
			isa = XCBuildConfiguration;
			buildSettings = {
				ALWAYS_EMBED_SWIFT_STANDARD_LIBRARIES = YES;
				CODE_SIGN_STYLE = Automatic;
				CURRENT_PROJECT_VERSION = 1;
				DEVELOPMENT_TEAM = MBQ2JLQD83;
				GENERATE_INFOPLIST_FILE = YES;
				MARKETING_VERSION = 1.0;
				PRODUCT_BUNDLE_IDENTIFIER = "com.jonathandlab.dev.Server-RackUITests";
				PRODUCT_NAME = "$(TARGET_NAME)";
				SWIFT_EMIT_LOC_STRINGS = NO;
				SWIFT_VERSION = 5.0;
				TARGETED_DEVICE_FAMILY = "1,2";
				TEST_TARGET_NAME = "Server Rack";
			};
			name = Release;
		};
/* End XCBuildConfiguration section */

/* Begin XCConfigurationList section */
		24814031283C9365007E8381 /* Build configuration list for PBXProject "Server Rack" */ = {
			isa = XCConfigurationList;
			buildConfigurations = (
				2481405D283C9367007E8381 /* Debug */,
				2481405E283C9367007E8381 /* Release */,
			);
			defaultConfigurationIsVisible = 0;
			defaultConfigurationName = Release;
		};
		2481405F283C9367007E8381 /* Build configuration list for PBXNativeTarget "Server Rack" */ = {
			isa = XCConfigurationList;
			buildConfigurations = (
				24814060283C9367007E8381 /* Debug */,
				24814061283C9367007E8381 /* Release */,
			);
			defaultConfigurationIsVisible = 0;
			defaultConfigurationName = Release;
		};
		24814062283C9367007E8381 /* Build configuration list for PBXNativeTarget "Server RackTests" */ = {
			isa = XCConfigurationList;
			buildConfigurations = (
				24814063283C9367007E8381 /* Debug */,
				24814064283C9367007E8381 /* Release */,
			);
			defaultConfigurationIsVisible = 0;
			defaultConfigurationName = Release;
		};
		24814065283C9367007E8381 /* Build configuration list for PBXNativeTarget "Server RackUITests" */ = {
			isa = XCConfigurationList;
			buildConfigurations = (
				24814066283C9367007E8381 /* Debug */,
				24814067283C9367007E8381 /* Release */,
			);
			defaultConfigurationIsVisible = 0;
			defaultConfigurationName = Release;
		};
/* End XCConfigurationList section */

/* Begin XCRemoteSwiftPackageReference section */
		24814068283C93F8007E8381 /* XCRemoteSwiftPackageReference "Citadel" */ = {
			isa = XCRemoteSwiftPackageReference;
			repositoryURL = "https://github.com/Joannis/Citadel.git";
			requirement = {
				kind = revision;
				revision = 6595276735fc50eb4102c46c0adb8f9da13ef8ae;
			};
		};
		24814086283D3FC2007E8381 /* XCRemoteSwiftPackageReference "RNCryptor" */ = {
			isa = XCRemoteSwiftPackageReference;
			repositoryURL = "https://github.com/RNCryptor/RNCryptor.git";
			requirement = {
				kind = upToNextMajorVersion;
				minimumVersion = 5.0.0;
			};
		};
		24814089283D3FF7007E8381 /* XCRemoteSwiftPackageReference "KeychainAccess" */ = {
			isa = XCRemoteSwiftPackageReference;
			repositoryURL = "https://github.com/kishikawakatsumi/KeychainAccess.git";
			requirement = {
				branch = master;
				kind = branch;
			};
		};
/* End XCRemoteSwiftPackageReference section */

/* Begin XCSwiftPackageProductDependency section */
		24814069283C93F8007E8381 /* Citadel */ = {
			isa = XCSwiftPackageProductDependency;
			package = 24814068283C93F8007E8381 /* XCRemoteSwiftPackageReference "Citadel" */;
			productName = Citadel;
		};
		24814087283D3FC2007E8381 /* RNCryptor */ = {
			isa = XCSwiftPackageProductDependency;
			package = 24814086283D3FC2007E8381 /* XCRemoteSwiftPackageReference "RNCryptor" */;
			productName = RNCryptor;
		};
		2481408A283D3FF8007E8381 /* KeychainAccess */ = {
			isa = XCSwiftPackageProductDependency;
			package = 24814089283D3FF7007E8381 /* XCRemoteSwiftPackageReference "KeychainAccess" */;
			productName = KeychainAccess;
		};
/* End XCSwiftPackageProductDependency section */

/* Begin XCVersionGroup section */
		24814044283C9367007E8381 /* Server_Rack.xcdatamodeld */ = {
			isa = XCVersionGroup;
			children = (
				24814045283C9367007E8381 /* Server_Rack.xcdatamodel */,
			);
			currentVersion = 24814045283C9367007E8381 /* Server_Rack.xcdatamodel */;
			path = Server_Rack.xcdatamodeld;
			sourceTree = "<group>";
			versionGroupType = wrapper.xcdatamodel;
		};
/* End XCVersionGroup section */
	};
	rootObject = 2481402E283C9365007E8381 /* Project object */;
}
